
Microsoft Visual Studio Solution File, Format Version 12.00
# Visual Studio Version 17
VisualStudioVersion = 17.13.35806.99 d17.13
MinimumVisualStudioVersion = 10.0.40219.1
Project("{FAE04EC0-301F-11D3-BF4B-00C04F79EFBC}") = "Unlock Adventure", "Unlock Adventure\Unlock Adventure.csproj", "{9528ED11-92C9-47C5-948F-D47B9D95FDCD}"
EndProject
Global
	GlobalSection(SolutionConfigurationPlatforms) = preSolution
		Debug|Any CPU = Debug|Any CPU
		Release|Any CPU = Release|Any CPU
	EndGlobalSection
	GlobalSection(ProjectConfigurationPlatforms) = postSolution
		{9528ED11-92C9-47C5-948F-D47B9D95FDCD}.Debug|Any CPU.ActiveCfg = Debug|Any CPU
		{9528ED11-92C9-47C5-948F-D47B9D95FDCD}.Debug|Any CPU.Build.0 = Debug|Any CPU
		{9528ED11-92C9-47C5-948F-D47B9D95FDCD}.Release|Any CPU.ActiveCfg = Release|Any CPU
		{9528ED11-92C9-47C5-948F-D47B9D95FDCD}.Release|Any CPU.Build.0 = Release|Any CPU
	EndGlobalSection
	GlobalSection(SolutionProperties) = preSolution
		HideSolutionNode = FALSE
	EndGlobalSection
	GlobalSection(ExtensibilityGlobals) = postSolution
		SolutionGuid = {C3A935CC-F1BC-4306-8305-0D5F309BAF3D}
	EndGlobalSection
EndGlobal
